
Microsoft Visual Studio Solution File, Format Version 12.00
# Visual Studio 15
VisualStudioVersion = 15.0.28307.489
MinimumVisualStudioVersion = 10.0.40219.1
Project("{8BC9CEB8-8B4A-11D0-8D11-00A0C91BC942}") = "ntsec", "ntsec.vcxproj", "{43D6E751-D1DB-4F3E-813C-B8D7D3172965}"
EndProject
Global
	GlobalSection(SolutionConfigurationPlatforms) = preSolution
		Debug|x64 = Debug|x64
		Debug|x86 = Debug|x86
		Release|x64 = Release|x64
		Release|x86 = Release|x86
	EndGlobalSection
	GlobalSection(ProjectConfigurationPlatforms) = postSolution
		{43D6E751-D1DB-4F3E-813C-B8D7D3172965}.Debug|x64.ActiveCfg = Debug|x64
		{43D6E751-D1DB-4F3E-813C-B8D7D3172965}.Debug|x64.Build.0 = Debug|x64
		{43D6E751-D1DB-4F3E-813C-B8D7D3172965}.Debug|x86.ActiveCfg = Debug|Win32
		{43D6E751-D1DB-4F3E-813C-B8D7D3172965}.Debug|x86.Build.0 = Debug|Win32
		{43D6E751-D1DB-4F3E-813C-B8D7D3172965}.Release|x64.ActiveCfg = Release|x64
		{43D6E751-D1DB-4F3E-813C-B8D7D3172965}.Release|x64.Build.0 = Release|x64
		{43D6E751-D1DB-4F3E-813C-B8D7D3172965}.Release|x86.ActiveCfg = Release|Win32
		{43D6E751-D1DB-4F3E-813C-B8D7D3172965}.Release|x86.Build.0 = Release|Win32
	EndGlobalSection
	GlobalSection(SolutionProperties) = preSolution
		HideSolutionNode = FALSE
	EndGlobalSection
	GlobalSection(ExtensibilityGlobals) = postSolution
		SolutionGuid = {551C1928-9811-4A40-AD6A-8A526A2AAF95}
	EndGlobalSection
EndGlobal
